
Microsoft Visual Studio Solution File, Format Version 12.00
# Visual Studio Version 16
VisualStudioVersion = 16.0.31424.327
MinimumVisualStudioVersion = 10.0.40219.1
Project("{FAE04EC0-301F-11D3-BF4B-00C04F79EFBC}") = "QLCHVT", "QLCHVT\QLCHVT.csproj", "{0833B1E7-62CB-4949-B6C6-3ABB9CD3F259}"
EndProject
Global
	GlobalSection(SolutionConfigurationPlatforms) = preSolution
		Debug|Any CPU = Debug|Any CPU
		Release|Any CPU = Release|Any CPU
	EndGlobalSection
	GlobalSection(ProjectConfigurationPlatforms) = postSolution
		{0833B1E7-62CB-4949-B6C6-3ABB9CD3F259}.Debug|Any CPU.ActiveCfg = Debug|Any CPU
		{0833B1E7-62CB-4949-B6C6-3ABB9CD3F259}.Debug|Any CPU.Build.0 = Debug|Any CPU
		{0833B1E7-62CB-4949-B6C6-3ABB9CD3F259}.Release|Any CPU.ActiveCfg = Release|Any CPU
		{0833B1E7-62CB-4949-B6C6-3ABB9CD3F259}.Release|Any CPU.Build.0 = Release|Any CPU
	EndGlobalSection
	GlobalSection(SolutionProperties) = preSolution
		HideSolutionNode = FALSE
	EndGlobalSection
	GlobalSection(ExtensibilityGlobals) = postSolution
		SolutionGuid = {E70AF99A-F126-48BA-8455-53DF6DF0447B}
	EndGlobalSection
EndGlobal
